// !$*UTF8*$!
{
	archiveVersion = 1;
	classes = {
	};
	objectVersion = 55;
	objects = {

/* Begin PBXBuildFile section */
		C684E140278179990083AAF2 /* AppDelegate.swift in Sources */ = {isa = PBXBuildFile; fileRef = C684E13F278179990083AAF2 /* AppDelegate.swift */; };
		C684E142278179990083AAF2 /* SceneDelegate.swift in Sources */ = {isa = PBXBuildFile; fileRef = C684E141278179990083AAF2 /* SceneDelegate.swift */; };
		C684E144278179990083AAF2 /* ViewController.swift in Sources */ = {isa = PBXBuildFile; fileRef = C684E143278179990083AAF2 /* ViewController.swift */; };
		C684E147278179990083AAF2 /* Main.storyboard in Resources */ = {isa = PBXBuildFile; fileRef = C684E145278179990083AAF2 /* Main.storyboard */; };
		C684E1492781799D0083AAF2 /* Assets.xcassets in Resources */ = {isa = PBXBuildFile; fileRef = C684E1482781799D0083AAF2 /* Assets.xcassets */; };
		C684E14C2781799D0083AAF2 /* LaunchScreen.storyboard in Resources */ = {isa = PBXBuildFile; fileRef = C684E14A2781799D0083AAF2 /* LaunchScreen.storyboard */; };
		C6B58E89278199C6007BEA37 /* FirebaseAuth in Frameworks */ = {isa = PBXBuildFile; productRef = C6B58E88278199C6007BEA37 /* FirebaseAuth */; };
		C6B58E8B278199C6007BEA37 /* FirebaseDatabase in Frameworks */ = {isa = PBXBuildFile; productRef = C6B58E8A278199C6007BEA37 /* FirebaseDatabase */; };
		C6B58E8D278199C6007BEA37 /* FirebaseFirestore in Frameworks */ = {isa = PBXBuildFile; productRef = C6B58E8C278199C6007BEA37 /* FirebaseFirestore */; };
		C6B58E8F2781B158007BEA37 /* GoogleService-Info.plist in Resources */ = {isa = PBXBuildFile; fileRef = C6B58E8E2781B158007BEA37 /* GoogleService-Info.plist */; };
		C6B58E912781C33A007BEA37 /* MawaiydyTV.swift in Sources */ = {isa = PBXBuildFile; fileRef = C6B58E902781C33A007BEA37 /* MawaiydyTV.swift */; };
		C6B58E932781C351007BEA37 /* MawaiydyTVCell.swift in Sources */ = {isa = PBXBuildFile; fileRef = C6B58E922781C351007BEA37 /* MawaiydyTVCell.swift */; };
		C6B58E952781C46A007BEA37 /* ProfileViewController.swift in Sources */ = {isa = PBXBuildFile; fileRef = C6B58E942781C46A007BEA37 /* ProfileViewController.swift */; };
		C6B58E972781C4F0007BEA37 /* CalendarViewController.swift in Sources */ = {isa = PBXBuildFile; fileRef = C6B58E962781C4F0007BEA37 /* CalendarViewController.swift */; };
		C6B58E9B2782DB64007BEA37 /* SignUpViewController.swift in Sources */ = {isa = PBXBuildFile; fileRef = C6B58E9A2782DB64007BEA37 /* SignUpViewController.swift */; };
		C6B58E9D2782E3A0007BEA37 /* TabBar.swift in Sources */ = {isa = PBXBuildFile; fileRef = C6B58E9C2782E3A0007BEA37 /* TabBar.swift */; };
		C6B58E9F2782E987007BEA37 /* SignInViewController.swift in Sources */ = {isa = PBXBuildFile; fileRef = C6B58E9E2782E987007BEA37 /* SignInViewController.swift */; };
		C6B58EA127830378007BEA37 /* UsersViewController.swift in Sources */ = {isa = PBXBuildFile; fileRef = C6B58EA027830378007BEA37 /* UsersViewController.swift */; };
		C6B58EA62785C0FC007BEA37 /* NewMawidViewController.swift in Sources */ = {isa = PBXBuildFile; fileRef = C6B58EA52785C0FB007BEA37 /* NewMawidViewController.swift */; };
/* End PBXBuildFile section */

/* Begin PBXFileReference section */
		C684E13C278179990083AAF2 /* Mawaidiy.app */ = {isa = PBXFileReference; explicitFileType = wrapper.application; includeInIndex = 0; path = Mawaidiy.app; sourceTree = BUILT_PRODUCTS_DIR; };
		C684E13F278179990083AAF2 /* AppDelegate.swift */ = {isa = PBXFileReference; lastKnownFileType = sourcecode.swift; path = AppDelegate.swift; sourceTree = "<group>"; };
		C684E141278179990083AAF2 /* SceneDelegate.swift */ = {isa = PBXFileReference; lastKnownFileType = sourcecode.swift; path = SceneDelegate.swift; sourceTree = "<group>"; };
		C684E143278179990083AAF2 /* ViewController.swift */ = {isa = PBXFileReference; lastKnownFileType = sourcecode.swift; path = ViewController.swift; sourceTree = "<group>"; };
		C684E146278179990083AAF2 /* Base */ = {isa = PBXFileReference; lastKnownFileType = file.storyboard; name = Base; path = Base.lproj/Main.storyboard; sourceTree = "<group>"; };
		C684E1482781799D0083AAF2 /* Assets.xcassets */ = {isa = PBXFileReference; lastKnownFileType = folder.assetcatalog; path = Assets.xcassets; sourceTree = "<group>"; };
		C684E14B2781799D0083AAF2 /* Base */ = {isa = PBXFileReference; lastKnownFileType = file.storyboard; name = Base; path = Base.lproj/LaunchScreen.storyboard; sourceTree = "<group>"; };
		C684E14D2781799D0083AAF2 /* Info.plist */ = {isa = PBXFileReference; lastKnownFileType = text.plist.xml; path = Info.plist; sourceTree = "<group>"; };
		C6B58E8E2781B158007BEA37 /* GoogleService-Info.plist */ = {isa = PBXFileReference; fileEncoding = 4; lastKnownFileType = text.plist.xml; path = "GoogleService-Info.plist"; sourceTree = "<group>"; };
		C6B58E902781C33A007BEA37 /* MawaiydyTV.swift */ = {isa = PBXFileReference; lastKnownFileType = sourcecode.swift; path = MawaiydyTV.swift; sourceTree = "<group>"; };
		C6B58E922781C351007BEA37 /* MawaiydyTVCell.swift */ = {isa = PBXFileReference; lastKnownFileType = sourcecode.swift; path = MawaiydyTVCell.swift; sourceTree = "<group>"; };
		C6B58E942781C46A007BEA37 /* ProfileViewController.swift */ = {isa = PBXFileReference; lastKnownFileType = sourcecode.swift; path = ProfileViewController.swift; sourceTree = "<group>"; };
		C6B58E962781C4F0007BEA37 /* CalendarViewController.swift */ = {isa = PBXFileReference; lastKnownFileType = sourcecode.swift; path = CalendarViewController.swift; sourceTree = "<group>"; };
		C6B58E9A2782DB64007BEA37 /* SignUpViewController.swift */ = {isa = PBXFileReference; lastKnownFileType = sourcecode.swift; path = SignUpViewController.swift; sourceTree = "<group>"; };
		C6B58E9C2782E3A0007BEA37 /* TabBar.swift */ = {isa = PBXFileReference; lastKnownFileType = sourcecode.swift; path = TabBar.swift; sourceTree = "<group>"; };
		C6B58E9E2782E987007BEA37 /* SignInViewController.swift */ = {isa = PBXFileReference; lastKnownFileType = sourcecode.swift; path = SignInViewController.swift; sourceTree = "<group>"; };
		C6B58EA027830378007BEA37 /* UsersViewController.swift */ = {isa = PBXFileReference; lastKnownFileType = sourcecode.swift; path = UsersViewController.swift; sourceTree = "<group>"; };
		C6B58EA52785C0FB007BEA37 /* NewMawidViewController.swift */ = {isa = PBXFileReference; lastKnownFileType = sourcecode.swift; path = NewMawidViewController.swift; sourceTree = "<group>"; };
/* End PBXFileReference section */

/* Begin PBXFrameworksBuildPhase section */
		C684E139278179980083AAF2 /* Frameworks */ = {
			isa = PBXFrameworksBuildPhase;
			buildActionMask = 2147483647;
			files = (
				C6B58E8B278199C6007BEA37 /* FirebaseDatabase in Frameworks */,
				C6B58E89278199C6007BEA37 /* FirebaseAuth in Frameworks */,
				C6B58E8D278199C6007BEA37 /* FirebaseFirestore in Frameworks */,
			);
			runOnlyForDeploymentPostprocessing = 0;
		};
/* End PBXFrameworksBuildPhase section */

/* Begin PBXGroup section */
		C684E133278179980083AAF2 = {
			isa = PBXGroup;
			children = (
				C684E13E278179990083AAF2 /* Mawaidiy */,
				C684E13D278179990083AAF2 /* Products */,
			);
			sourceTree = "<group>";
		};
		C684E13D278179990083AAF2 /* Products */ = {
			isa = PBXGroup;
			children = (
				C684E13C278179990083AAF2 /* Mawaidiy.app */,
			);
			name = Products;
			sourceTree = "<group>";
		};
		C684E13E278179990083AAF2 /* Mawaidiy */ = {
			isa = PBXGroup;
			children = (
				C684E13F278179990083AAF2 /* AppDelegate.swift */,
				C684E141278179990083AAF2 /* SceneDelegate.swift */,
				C684E143278179990083AAF2 /* ViewController.swift */,
				C6B58E902781C33A007BEA37 /* MawaiydyTV.swift */,
				C6B58EA52785C0FB007BEA37 /* NewMawidViewController.swift */,
				C6B58E922781C351007BEA37 /* MawaiydyTVCell.swift */,
				C6B58E942781C46A007BEA37 /* ProfileViewController.swift */,
				C6B58EA027830378007BEA37 /* UsersViewController.swift */,
				C6B58E962781C4F0007BEA37 /* CalendarViewController.swift */,
				C684E145278179990083AAF2 /* Main.storyboard */,
				C6B58E9A2782DB64007BEA37 /* SignUpViewController.swift */,
				C6B58E9E2782E987007BEA37 /* SignInViewController.swift */,
				C6B58E9C2782E3A0007BEA37 /* TabBar.swift */,
				C684E1482781799D0083AAF2 /* Assets.xcassets */,
				C684E14A2781799D0083AAF2 /* LaunchScreen.storyboard */,
				C684E14D2781799D0083AAF2 /* Info.plist */,
				C6B58E8E2781B158007BEA37 /* GoogleService-Info.plist */,
			);
			path = Mawaidiy;
			sourceTree = "<group>";
		};
/* End PBXGroup section */

/* Begin PBXNativeTarget section */
		C684E13B278179980083AAF2 /* Mawaidiy */ = {
			isa = PBXNativeTarget;
			buildConfigurationList = C684E1502781799D0083AAF2 /* Build configuration list for PBXNativeTarget "Mawaidiy" */;
			buildPhases = (
				C684E138278179980083AAF2 /* Sources */,
				C684E139278179980083AAF2 /* Frameworks */,
				C684E13A278179980083AAF2 /* Resources */,
			);
			buildRules = (
			);
			dependencies = (
			);
			name = Mawaidiy;
			packageProductDependencies = (
				C6B58E88278199C6007BEA37 /* FirebaseAuth */,
				C6B58E8A278199C6007BEA37 /* FirebaseDatabase */,
				C6B58E8C278199C6007BEA37 /* FirebaseFirestore */,
			);
			productName = Mawaidiy;
			productReference = C684E13C278179990083AAF2 /* Mawaidiy.app */;
			productType = "com.apple.product-type.application";
		};
/* End PBXNativeTarget section */

/* Begin PBXProject section */
		C684E134278179980083AAF2 /* Project object */ = {
			isa = PBXProject;
			attributes = {
				BuildIndependentTargetsInParallel = 1;
				LastSwiftUpdateCheck = 1300;
				LastUpgradeCheck = 1300;
				TargetAttributes = {
					C684E13B278179980083AAF2 = {
						CreatedOnToolsVersion = 13.0;
					};
				};
			};
			buildConfigurationList = C684E137278179980083AAF2 /* Build configuration list for PBXProject "Mawaidiy" */;
			compatibilityVersion = "Xcode 13.0";
			developmentRegion = en;
			hasScannedForEncodings = 0;
			knownRegions = (
				en,
				Base,
			);
			mainGroup = C684E133278179980083AAF2;
			packageReferences = (
				C6B58E87278199C6007BEA37 /* XCRemoteSwiftPackageReference "firebase-ios-sdk" */,
			);
			productRefGroup = C684E13D278179990083AAF2 /* Products */;
			projectDirPath = "";
			projectRoot = "";
			targets = (
				C684E13B278179980083AAF2 /* Mawaidiy */,
			);
		};
/* End PBXProject section */

/* Begin PBXResourcesBuildPhase section */
		C684E13A278179980083AAF2 /* Resources */ = {
			isa = PBXResourcesBuildPhase;
			buildActionMask = 2147483647;
			files = (
				C684E14C2781799D0083AAF2 /* LaunchScreen.storyboard in Resources */,
				C6B58E8F2781B158007BEA37 /* GoogleService-Info.plist in Resources */,
				C684E1492781799D0083AAF2 /* Assets.xcassets in Resources */,
				C684E147278179990083AAF2 /* Main.storyboard in Resources */,
			);
			runOnlyForDeploymentPostprocessing = 0;
		};
/* End PBXResourcesBuildPhase section */

/* Begin PBXSourcesBuildPhase section */
		C684E138278179980083AAF2 /* Sources */ = {
			isa = PBXSourcesBuildPhase;
			buildActionMask = 2147483647;
			files = (
				C6B58E9D2782E3A0007BEA37 /* TabBar.swift in Sources */,
				C6B58E952781C46A007BEA37 /* ProfileViewController.swift in Sources */,
				C6B58EA62785C0FC007BEA37 /* NewMawidViewController.swift in Sources */,
				C684E144278179990083AAF2 /* ViewController.swift in Sources */,
				C6B58EA127830378007BEA37 /* UsersViewController.swift in Sources */,
				C6B58E9B2782DB64007BEA37 /* SignUpViewController.swift in Sources */,
				C684E140278179990083AAF2 /* AppDelegate.swift in Sources */,
				C6B58E912781C33A007BEA37 /* MawaiydyTV.swift in Sources */,
				C684E142278179990083AAF2 /* SceneDelegate.swift in Sources */,
				C6B58E972781C4F0007BEA37 /* CalendarViewController.swift in Sources */,
				C6B58E9F2782E987007BEA37 /* SignInViewController.swift in Sources */,
				C6B58E932781C351007BEA37 /* MawaiydyTVCell.swift in Sources */,
			);
			runOnlyForDeploymentPostprocessing = 0;
		};
/* End PBXSourcesBuildPhase section */

/* Begin PBXVariantGroup section */
		C684E145278179990083AAF2 /* Main.storyboard */ = {
			isa = PBXVariantGroup;
			children = (
				C684E146278179990083AAF2 /* Base */,
			);
			name = Main.storyboard;
			sourceTree = "<group>";
		};
		C684E14A2781799D0083AAF2 /* LaunchScreen.storyboard */ = {
			isa = PBXVariantGroup;
			children = (
				C684E14B2781799D0083AAF2 /* Base */,
			);
			name = LaunchScreen.storyboard;
			sourceTree = "<group>";
		};
/* End PBXVariantGroup section */

/* Begin XCBuildConfiguration section */
		C684E14E2781799D0083AAF2 /* Debug */ = {
			isa = XCBuildConfiguration;
			buildSettings = {
				ALWAYS_SEARCH_USER_PATHS = NO;
				CLANG_ANALYZER_NONNULL = YES;
				CLANG_ANALYZER_NUMBER_OBJECT_CONVERSION = YES_AGGRESSIVE;
				CLANG_CXX_LANGUAGE_STANDARD = "gnu++17";
				CLANG_CXX_LIBRARY = "libc++";
				CLANG_ENABLE_MODULES = YES;
				CLANG_ENABLE_OBJC_ARC = YES;
				CLANG_ENABLE_OBJC_WEAK = YES;
				CLANG_WARN_BLOCK_CAPTURE_AUTORELEASING = YES;
				CLANG_WARN_BOOL_CONVERSION = YES;
				CLANG_WARN_COMMA = YES;
				CLANG_WARN_CONSTANT_CONVERSION = YES;
				CLANG_WARN_DEPRECATED_OBJC_IMPLEMENTATIONS = YES;
				CLANG_WARN_DIRECT_OBJC_ISA_USAGE = YES_ERROR;
				CLANG_WARN_DOCUMENTATION_COMMENTS = YES;
				CLANG_WARN_EMPTY_BODY = YES;
				CLANG_WARN_ENUM_CONVERSION = YES;
				CLANG_WARN_INFINITE_RECURSION = YES;
				CLANG_WARN_INT_CONVERSION = YES;
				CLANG_WARN_NON_LITERAL_NULL_CONVERSION = YES;
				CLANG_WARN_OBJC_IMPLICIT_RETAIN_SELF = YES;
				CLANG_WARN_OBJC_LITERAL_CONVERSION = YES;
				CLANG_WARN_OBJC_ROOT_CLASS = YES_ERROR;
				CLANG_WARN_QUOTED_INCLUDE_IN_FRAMEWORK_HEADER = YES;
				CLANG_WARN_RANGE_LOOP_ANALYSIS = YES;
				CLANG_WARN_STRICT_PROTOTYPES = YES;
				CLANG_WARN_SUSPICIOUS_MOVE = YES;
				CLANG_WARN_UNGUARDED_AVAILABILITY = YES_AGGRESSIVE;
				CLANG_WARN_UNREACHABLE_CODE = YES;
				CLANG_WARN__DUPLICATE_METHOD_MATCH = YES;
				COPY_PHASE_STRIP = NO;
				DEBUG_INFORMATION_FORMAT = dwarf;
				ENABLE_STRICT_OBJC_MSGSEND = YES;
				ENABLE_TESTABILITY = YES;
				GCC_C_LANGUAGE_STANDARD = gnu11;
				GCC_DYNAMIC_NO_PIC = NO;
				GCC_NO_COMMON_BLOCKS = YES;
				GCC_OPTIMIZATION_LEVEL = 0;
				GCC_PREPROCESSOR_DEFINITIONS = (
					"DEBUG=1",
					"$(inherited)",
				);
				GCC_WARN_64_TO_32_BIT_CONVERSION = YES;
				GCC_WARN_ABOUT_RETURN_TYPE = YES_ERROR;
				GCC_WARN_UNDECLARED_SELECTOR = YES;
				GCC_WARN_UNINITIALIZED_AUTOS = YES_AGGRESSIVE;
				GCC_WARN_UNUSED_FUNCTION = YES;
				GCC_WARN_UNUSED_VARIABLE = YES;
				IPHONEOS_DEPLOYMENT_TARGET = 15.0;
				MTL_ENABLE_DEBUG_INFO = INCLUDE_SOURCE;
				MTL_FAST_MATH = YES;
				ONLY_ACTIVE_ARCH = YES;
				SDKROOT = iphoneos;
				SWIFT_ACTIVE_COMPILATION_CONDITIONS = DEBUG;
				SWIFT_OPTIMIZATION_LEVEL = "-Onone";
			};
			name = Debug;
		};
		C684E14F2781799D0083AAF2 /* Release */ = {
			isa = XCBuildConfiguration;
			buildSettings = {
				ALWAYS_SEARCH_USER_PATHS = NO;
				CLANG_ANALYZER_NONNULL = YES;
				CLANG_ANALYZER_NUMBER_OBJECT_CONVERSION = YES_AGGRESSIVE;
				CLANG_CXX_LANGUAGE_STANDARD = "gnu++17";
				CLANG_CXX_LIBRARY = "libc++";
				CLANG_ENABLE_MODULES = YES;
				CLANG_ENABLE_OBJC_ARC = YES;
				CLANG_ENABLE_OBJC_WEAK = YES;
				CLANG_WARN_BLOCK_CAPTURE_AUTORELEASING = YES;
				CLANG_WARN_BOOL_CONVERSION = YES;
				CLANG_WARN_COMMA = YES;
				CLANG_WARN_CONSTANT_CONVERSION = YES;
				CLANG_WARN_DEPRECATED_OBJC_IMPLEMENTATIONS = YES;
				CLANG_WARN_DIRECT_OBJC_ISA_USAGE = YES_ERROR;
				CLANG_WARN_DOCUMENTATION_COMMENTS = YES;
				CLANG_WARN_EMPTY_BODY = YES;
				CLANG_WARN_ENUM_CONVERSION = YES;
				CLANG_WARN_INFINITE_RECURSION = YES;
				CLANG_WARN_INT_CONVERSION = YES;
				CLANG_WARN_NON_LITERAL_NULL_CONVERSION = YES;
				CLANG_WARN_OBJC_IMPLICIT_RETAIN_SELF = YES;
				CLANG_WARN_OBJC_LITERAL_CONVERSION = YES;
				CLANG_WARN_OBJC_ROOT_CLASS = YES_ERROR;
				CLANG_WARN_QUOTED_INCLUDE_IN_FRAMEWORK_HEADER = YES;
				CLANG_WARN_RANGE_LOOP_ANALYSIS = YES;
				CLANG_WARN_STRICT_PROTOTYPES = YES;
				CLANG_WARN_SUSPICIOUS_MOVE = YES;
				CLANG_WARN_UNGUARDED_AVAILABILITY = YES_AGGRESSIVE;
				CLANG_WARN_UNREACHABLE_CODE = YES;
				CLANG_WARN__DUPLICATE_METHOD_MATCH = YES;
				COPY_PHASE_STRIP = NO;
				DEBUG_INFORMATION_FORMAT = "dwarf-with-dsym";
				ENABLE_NS_ASSERTIONS = NO;
				ENABLE_STRICT_OBJC_MSGSEND = YES;
				GCC_C_LANGUAGE_STANDARD = gnu11;
				GCC_NO_COMMON_BLOCKS = YES;
				GCC_WARN_64_TO_32_BIT_CONVERSION = YES;
				GCC_WARN_ABOUT_RETURN_TYPE = YES_ERROR;
				GCC_WARN_UNDECLARED_SELECTOR = YES;
				GCC_WARN_UNINITIALIZED_AUTOS = YES_AGGRESSIVE;
				GCC_WARN_UNUSED_FUNCTION = YES;
				GCC_WARN_UNUSED_VARIABLE = YES;
				IPHONEOS_DEPLOYMENT_TARGET = 15.0;
				MTL_ENABLE_DEBUG_INFO = NO;
				MTL_FAST_MATH = YES;
				SDKROOT = iphoneos;
				SWIFT_COMPILATION_MODE = wholemodule;
				SWIFT_OPTIMIZATION_LEVEL = "-O";
				VALIDATE_PRODUCT = YES;
			};
			name = Release;
		};
		C684E1512781799D0083AAF2 /* Debug */ = {
			isa = XCBuildConfiguration;
			buildSettings = {
				ASSETCATALOG_COMPILER_APPICON_NAME = AppIcon;
				ASSETCATALOG_COMPILER_GLOBAL_ACCENT_COLOR_NAME = AccentColor;
				CODE_SIGN_STYLE = Automatic;
				CURRENT_PROJECT_VERSION = 1;
				DEVELOPMENT_TEAM = YLZ5NYW24M;
				GENERATE_INFOPLIST_FILE = YES;
				INFOPLIST_FILE = Mawaidiy/Info.plist;
				INFOPLIST_KEY_UIApplicationSupportsIndirectInputEvents = YES;
				INFOPLIST_KEY_UILaunchStoryboardName = LaunchScreen;
				INFOPLIST_KEY_UIMainStoryboardFile = Main;
				INFOPLIST_KEY_UISupportedInterfaceOrientations_iPad = "UIInterfaceOrientationPortrait UIInterfaceOrientationPortraitUpsideDown UIInterfaceOrientationLandscapeLeft UIInterfaceOrientationLandscapeRight";
				INFOPLIST_KEY_UISupportedInterfaceOrientations_iPhone = "UIInterfaceOrientationPortrait UIInterfaceOrientationLandscapeLeft UIInterfaceOrientationLandscapeRight";
				LD_RUNPATH_SEARCH_PATHS = (
					"$(inherited)",
					"@executable_path/Frameworks",
				);
				MARKETING_VERSION = 1.0;
				PRODUCT_BUNDLE_IDENTIFIER = "Users-sahabalharbi.Mawaidiy";
				PRODUCT_NAME = "$(TARGET_NAME)";
				SWIFT_EMIT_LOC_STRINGS = YES;
				SWIFT_VERSION = 5.0;
				TARGETED_DEVICE_FAMILY = "1,2";
			};
			name = Debug;
		};
		C684E1522781799D0083AAF2 /* Release */ = {
			isa = XCBuildConfiguration;
			buildSettings = {
				ASSETCATALOG_COMPILER_APPICON_NAME = AppIcon;
				ASSETCATALOG_COMPILER_GLOBAL_ACCENT_COLOR_NAME = AccentColor;
				CODE_SIGN_STYLE = Automatic;
				CURRENT_PROJECT_VERSION = 1;
				DEVELOPMENT_TEAM = YLZ5NYW24M;
				GENERATE_INFOPLIST_FILE = YES;
				INFOPLIST_FILE = Mawaidiy/Info.plist;
				INFOPLIST_KEY_UIApplicationSupportsIndirectInputEvents = YES;
				INFOPLIST_KEY_UILaunchStoryboardName = LaunchScreen;
				INFOPLIST_KEY_UIMainStoryboardFile = Main;
				INFOPLIST_KEY_UISupportedInterfaceOrientations_iPad = "UIInterfaceOrientationPortrait UIInterfaceOrientationPortraitUpsideDown UIInterfaceOrientationLandscapeLeft UIInterfaceOrientationLandscapeRight";
				INFOPLIST_KEY_UISupportedInterfaceOrientations_iPhone = "UIInterfaceOrientationPortrait UIInterfaceOrientationLandscapeLeft UIInterfaceOrientationLandscapeRight";
				LD_RUNPATH_SEARCH_PATHS = (
					"$(inherited)",
					"@executable_path/Frameworks",
				);
				MARKETING_VERSION = 1.0;
				PRODUCT_BUNDLE_IDENTIFIER = "Users-sahabalharbi.Mawaidiy";
				PRODUCT_NAME = "$(TARGET_NAME)";
				SWIFT_EMIT_LOC_STRINGS = YES;
				SWIFT_VERSION = 5.0;
				TARGETED_DEVICE_FAMILY = "1,2";
			};
			name = Release;
		};
/* End XCBuildConfiguration section */

/* Begin XCConfigurationList section */
		C684E137278179980083AAF2 /* Build configuration list for PBXProject "Mawaidiy" */ = {
			isa = XCConfigurationList;
			buildConfigurations = (
				C684E14E2781799D0083AAF2 /* Debug */,
				C684E14F2781799D0083AAF2 /* Release */,
			);
			defaultConfigurationIsVisible = 0;
			defaultConfigurationName = Release;
		};
		C684E1502781799D0083AAF2 /* Build configuration list for PBXNativeTarget "Mawaidiy" */ = {
			isa = XCConfigurationList;
			buildConfigurations = (
				C684E1512781799D0083AAF2 /* Debug */,
				C684E1522781799D0083AAF2 /* Release */,
			);
			defaultConfigurationIsVisible = 0;
			defaultConfigurationName = Release;
		};
/* End XCConfigurationList section */

/* Begin XCRemoteSwiftPackageReference section */
		C6B58E87278199C6007BEA37 /* XCRemoteSwiftPackageReference "firebase-ios-sdk" */ = {
			isa = XCRemoteSwiftPackageReference;
			repositoryURL = "https://github.com/firebase/firebase-ios-sdk";
			requirement = {
				branch = master;
				kind = branch;
			};
		};
/* End XCRemoteSwiftPackageReference section */

/* Begin XCSwiftPackageProductDependency section */
		C6B58E88278199C6007BEA37 /* FirebaseAuth */ = {
			isa = XCSwiftPackageProductDependency;
			package = C6B58E87278199C6007BEA37 /* XCRemoteSwiftPackageReference "firebase-ios-sdk" */;
			productName = FirebaseAuth;
		};
		C6B58E8A278199C6007BEA37 /* FirebaseDatabase */ = {
			isa = XCSwiftPackageProductDependency;
			package = C6B58E87278199C6007BEA37 /* XCRemoteSwiftPackageReference "firebase-ios-sdk" */;
			productName = FirebaseDatabase;
		};
		C6B58E8C278199C6007BEA37 /* FirebaseFirestore */ = {
			isa = XCSwiftPackageProductDependency;
			package = C6B58E87278199C6007BEA37 /* XCRemoteSwiftPackageReference "firebase-ios-sdk" */;
			productName = FirebaseFirestore;
		};
/* End XCSwiftPackageProductDependency section */
	};
	rootObject = C684E134278179980083AAF2 /* Project object */;
}
